
Microsoft Visual Studio Solution File, Format Version 12.00
# Visual Studio Version 16
VisualStudioVersion = 16.0.30114.105
MinimumVisualStudioVersion = 10.0.40219.1
Project("{9A19103F-16F7-4668-BE54-9A1E7A4F7556}") = "Spice", "Spice\Spice.csproj", "{4C2711D7-4BBF-455C-86FB-2F5C8B2801FD}"
EndProject
Global
	GlobalSection(SolutionConfigurationPlatforms) = preSolution
		Debug|Any CPU = Debug|Any CPU
		Release|Any CPU = Release|Any CPU
	EndGlobalSection
	GlobalSection(ProjectConfigurationPlatforms) = postSolution
		{4C2711D7-4BBF-455C-86FB-2F5C8B2801FD}.Debug|Any CPU.ActiveCfg = Debug|Any CPU
		{4C2711D7-4BBF-455C-86FB-2F5C8B2801FD}.Debug|Any CPU.Build.0 = Debug|Any CPU
		{4C2711D7-4BBF-455C-86FB-2F5C8B2801FD}.Release|Any CPU.ActiveCfg = Release|Any CPU
		{4C2711D7-4BBF-455C-86FB-2F5C8B2801FD}.Release|Any CPU.Build.0 = Release|Any CPU
	EndGlobalSection
	GlobalSection(SolutionProperties) = preSolution
		HideSolutionNode = FALSE
	EndGlobalSection
	GlobalSection(ExtensibilityGlobals) = postSolution
		SolutionGuid = {A449742C-D6BF-4897-87C6-2D6E9750A86E}
	EndGlobalSection
EndGlobal
